
Microsoft Visual Studio Solution File, Format Version 12.00
# Visual Studio Version 17
VisualStudioVersion = 17.3.32922.545
MinimumVisualStudioVersion = 10.0.40219.1
Project("{9A19103F-16F7-4668-BE54-9A1E7A4F7556}") = "ClassBoxData", "PersonsInfo\ClassBoxData.csproj", "{65959CCA-0714-44CA-A8BD-76B402E3ABCD}"
EndProject
Global
	GlobalSection(SolutionConfigurationPlatforms) = preSolution
		Debug|Any CPU = Debug|Any CPU
		Release|Any CPU = Release|Any CPU
	EndGlobalSection
	GlobalSection(ProjectConfigurationPlatforms) = postSolution
		{65959CCA-0714-44CA-A8BD-76B402E3ABCD}.Debug|Any CPU.ActiveCfg = Debug|Any CPU
		{65959CCA-0714-44CA-A8BD-76B402E3ABCD}.Debug|Any CPU.Build.0 = Debug|Any CPU
		{65959CCA-0714-44CA-A8BD-76B402E3ABCD}.Release|Any CPU.ActiveCfg = Release|Any CPU
		{65959CCA-0714-44CA-A8BD-76B402E3ABCD}.Release|Any CPU.Build.0 = Release|Any CPU
	EndGlobalSection
	GlobalSection(SolutionProperties) = preSolution
		HideSolutionNode = FALSE
	EndGlobalSection
	GlobalSection(ExtensibilityGlobals) = postSolution
		SolutionGuid = {24F5AFD4-C2EF-4AFA-8284-A97E7FEB4D92}
	EndGlobalSection
EndGlobal
