
Microsoft Visual Studio Solution File, Format Version 12.00
# Visual Studio Version 16
VisualStudioVersion = 16.0.31402.337
MinimumVisualStudioVersion = 10.0.40219.1
Project("{FAE04EC0-301F-11D3-BF4B-00C04F79EFBC}") = "demo", "demo\demo.csproj", "{539E32B8-05D0-46C4-934D-D7322AC36ED2}"
EndProject
Global
	GlobalSection(SolutionConfigurationPlatforms) = preSolution
		Debug|Any CPU = Debug|Any CPU
		Release|Any CPU = Release|Any CPU
	EndGlobalSection
	GlobalSection(ProjectConfigurationPlatforms) = postSolution
		{539E32B8-05D0-46C4-934D-D7322AC36ED2}.Debug|Any CPU.ActiveCfg = Debug|Any CPU
		{539E32B8-05D0-46C4-934D-D7322AC36ED2}.Debug|Any CPU.Build.0 = Debug|Any CPU
		{539E32B8-05D0-46C4-934D-D7322AC36ED2}.Release|Any CPU.ActiveCfg = Release|Any CPU
		{539E32B8-05D0-46C4-934D-D7322AC36ED2}.Release|Any CPU.Build.0 = Release|Any CPU
	EndGlobalSection
	GlobalSection(SolutionProperties) = preSolution
		HideSolutionNode = FALSE
	EndGlobalSection
	GlobalSection(ExtensibilityGlobals) = postSolution
		SolutionGuid = {7DDFF457-3633-4571-8522-566551C38937}
	EndGlobalSection
EndGlobal
